// !$*UTF8*$!
{
	archiveVersion = 1;
	classes = {
	};
	objectVersion = 55;
	objects = {

/* Begin PBXBuildFile section */
		53E312498688E5CCB37FD2F8 /* Pods_Flix1.framework in Frameworks */ = {isa = PBXBuildFile; fileRef = AB96CC518D2C6D0E836AA31B /* Pods_Flix1.framework */; };
		A8DC8B1427B1E484003909AB /* AppDelegate.swift in Sources */ = {isa = PBXBuildFile; fileRef = A8DC8B1327B1E484003909AB /* AppDelegate.swift */; };
		A8DC8B1627B1E484003909AB /* SceneDelegate.swift in Sources */ = {isa = PBXBuildFile; fileRef = A8DC8B1527B1E484003909AB /* SceneDelegate.swift */; };
		A8DC8B1827B1E484003909AB /* MoviesViewController.swift in Sources */ = {isa = PBXBuildFile; fileRef = A8DC8B1727B1E484003909AB /* MoviesViewController.swift */; };
		A8DC8B1B27B1E484003909AB /* Main.storyboard in Resources */ = {isa = PBXBuildFile; fileRef = A8DC8B1927B1E484003909AB /* Main.storyboard */; };
		A8DC8B1D27B1E486003909AB /* Assets.xcassets in Resources */ = {isa = PBXBuildFile; fileRef = A8DC8B1C27B1E486003909AB /* Assets.xcassets */; };
		A8DC8B2027B1E486003909AB /* LaunchScreen.storyboard in Resources */ = {isa = PBXBuildFile; fileRef = A8DC8B1E27B1E486003909AB /* LaunchScreen.storyboard */; };
		A8DC8B2B27B1E486003909AB /* Flix1Tests.swift in Sources */ = {isa = PBXBuildFile; fileRef = A8DC8B2A27B1E486003909AB /* Flix1Tests.swift */; };
		A8DC8B3527B1E486003909AB /* Flix1UITests.swift in Sources */ = {isa = PBXBuildFile; fileRef = A8DC8B3427B1E486003909AB /* Flix1UITests.swift */; };
		A8DC8B3727B1E486003909AB /* Flix1UITestsLaunchTests.swift in Sources */ = {isa = PBXBuildFile; fileRef = A8DC8B3627B1E486003909AB /* Flix1UITestsLaunchTests.swift */; };
		A8EC4DEA27B3C4DC00A6AB5A /* AlamofireImage in Frameworks */ = {isa = PBXBuildFile; productRef = A8EC4DE927B3C4DC00A6AB5A /* AlamofireImage */; };
		A8FF192F27B3B85900BCA204 /* MovieCell.swift in Sources */ = {isa = PBXBuildFile; fileRef = A8FF192E27B3B85900BCA204 /* MovieCell.swift */; };
		AE04D6E0B167F8C0D88AD85C /* Pods_Flix1Tests.framework in Frameworks */ = {isa = PBXBuildFile; fileRef = 660630D648BDFAEE9986EA5E /* Pods_Flix1Tests.framework */; };
		BC59673C7D4372F57C46999B /* Pods_Flix1_Flix1UITests.framework in Frameworks */ = {isa = PBXBuildFile; fileRef = 1995DE834FAC67779A764EC1 /* Pods_Flix1_Flix1UITests.framework */; };
/* End PBXBuildFile section */

/* Begin PBXContainerItemProxy section */
		A8DC8B2727B1E486003909AB /* PBXContainerItemProxy */ = {
			isa = PBXContainerItemProxy;
			containerPortal = A8DC8B0827B1E484003909AB /* Project object */;
			proxyType = 1;
			remoteGlobalIDString = A8DC8B0F27B1E484003909AB;
			remoteInfo = Flix1;
		};
		A8DC8B3127B1E486003909AB /* PBXContainerItemProxy */ = {
			isa = PBXContainerItemProxy;
			containerPortal = A8DC8B0827B1E484003909AB /* Project object */;
			proxyType = 1;
			remoteGlobalIDString = A8DC8B0F27B1E484003909AB;
			remoteInfo = Flix1;
		};
/* End PBXContainerItemProxy section */

/* Begin PBXFileReference section */
		1995DE834FAC67779A764EC1 /* Pods_Flix1_Flix1UITests.framework */ = {isa = PBXFileReference; explicitFileType = wrapper.framework; includeInIndex = 0; path = Pods_Flix1_Flix1UITests.framework; sourceTree = BUILT_PRODUCTS_DIR; };
		2ACF203A5EFDAE80DEF898FB /* Pods-Flix1Tests.debug.xcconfig */ = {isa = PBXFileReference; includeInIndex = 1; lastKnownFileType = text.xcconfig; name = "Pods-Flix1Tests.debug.xcconfig"; path = "Target Support Files/Pods-Flix1Tests/Pods-Flix1Tests.debug.xcconfig"; sourceTree = "<group>"; };
		31451CE78390F26B322B2299 /* Pods-Flix1.release.xcconfig */ = {isa = PBXFileReference; includeInIndex = 1; lastKnownFileType = text.xcconfig; name = "Pods-Flix1.release.xcconfig"; path = "Target Support Files/Pods-Flix1/Pods-Flix1.release.xcconfig"; sourceTree = "<group>"; };
		5AC8A809FA2C7E8C26A7ABA0 /* Pods-Flix1Tests.release.xcconfig */ = {isa = PBXFileReference; includeInIndex = 1; lastKnownFileType = text.xcconfig; name = "Pods-Flix1Tests.release.xcconfig"; path = "Target Support Files/Pods-Flix1Tests/Pods-Flix1Tests.release.xcconfig"; sourceTree = "<group>"; };
		660630D648BDFAEE9986EA5E /* Pods_Flix1Tests.framework */ = {isa = PBXFileReference; explicitFileType = wrapper.framework; includeInIndex = 0; path = Pods_Flix1Tests.framework; sourceTree = BUILT_PRODUCTS_DIR; };
		8C57469EF6573F81D24008A4 /* Pods-Flix1.debug.xcconfig */ = {isa = PBXFileReference; includeInIndex = 1; lastKnownFileType = text.xcconfig; name = "Pods-Flix1.debug.xcconfig"; path = "Target Support Files/Pods-Flix1/Pods-Flix1.debug.xcconfig"; sourceTree = "<group>"; };
		8EFE8570E137C41557D1424E /* Pods-Flix1-Flix1UITests.debug.xcconfig */ = {isa = PBXFileReference; includeInIndex = 1; lastKnownFileType = text.xcconfig; name = "Pods-Flix1-Flix1UITests.debug.xcconfig"; path = "Target Support Files/Pods-Flix1-Flix1UITests/Pods-Flix1-Flix1UITests.debug.xcconfig"; sourceTree = "<group>"; };
		A1DD27580849A2267A5EAAF1 /* Pods-Flix1-Flix1UITests.release.xcconfig */ = {isa = PBXFileReference; includeInIndex = 1; lastKnownFileType = text.xcconfig; name = "Pods-Flix1-Flix1UITests.release.xcconfig"; path = "Target Support Files/Pods-Flix1-Flix1UITests/Pods-Flix1-Flix1UITests.release.xcconfig"; sourceTree = "<group>"; };
		A8DC8B1027B1E484003909AB /* Flix1.app */ = {isa = PBXFileReference; explicitFileType = wrapper.application; includeInIndex = 0; path = Flix1.app; sourceTree = BUILT_PRODUCTS_DIR; };
		A8DC8B1327B1E484003909AB /* AppDelegate.swift */ = {isa = PBXFileReference; lastKnownFileType = sourcecode.swift; path = AppDelegate.swift; sourceTree = "<group>"; };
		A8DC8B1527B1E484003909AB /* SceneDelegate.swift */ = {isa = PBXFileReference; lastKnownFileType = sourcecode.swift; path = SceneDelegate.swift; sourceTree = "<group>"; };
		A8DC8B1727B1E484003909AB /* MoviesViewController.swift */ = {isa = PBXFileReference; lastKnownFileType = sourcecode.swift; path = MoviesViewController.swift; sourceTree = "<group>"; };
		A8DC8B1A27B1E484003909AB /* Base */ = {isa = PBXFileReference; lastKnownFileType = file.storyboard; name = Base; path = Base.lproj/Main.storyboard; sourceTree = "<group>"; };
		A8DC8B1C27B1E486003909AB /* Assets.xcassets */ = {isa = PBXFileReference; lastKnownFileType = folder.assetcatalog; path = Assets.xcassets; sourceTree = "<group>"; };
		A8DC8B1F27B1E486003909AB /* Base */ = {isa = PBXFileReference; lastKnownFileType = file.storyboard; name = Base; path = Base.lproj/LaunchScreen.storyboard; sourceTree = "<group>"; };
		A8DC8B2127B1E486003909AB /* Info.plist */ = {isa = PBXFileReference; lastKnownFileType = text.plist.xml; path = Info.plist; sourceTree = "<group>"; };
		A8DC8B2627B1E486003909AB /* Flix1Tests.xctest */ = {isa = PBXFileReference; explicitFileType = wrapper.cfbundle; includeInIndex = 0; path = Flix1Tests.xctest; sourceTree = BUILT_PRODUCTS_DIR; };
		A8DC8B2A27B1E486003909AB /* Flix1Tests.swift */ = {isa = PBXFileReference; lastKnownFileType = sourcecode.swift; path = Flix1Tests.swift; sourceTree = "<group>"; };
		A8DC8B3027B1E486003909AB /* Flix1UITests.xctest */ = {isa = PBXFileReference; explicitFileType = wrapper.cfbundle; includeInIndex = 0; path = Flix1UITests.xctest; sourceTree = BUILT_PRODUCTS_DIR; };
		A8DC8B3427B1E486003909AB /* Flix1UITests.swift */ = {isa = PBXFileReference; lastKnownFileType = sourcecode.swift; path = Flix1UITests.swift; sourceTree = "<group>"; };
		A8DC8B3627B1E486003909AB /* Flix1UITestsLaunchTests.swift */ = {isa = PBXFileReference; lastKnownFileType = sourcecode.swift; path = Flix1UITestsLaunchTests.swift; sourceTree = "<group>"; };
		A8FF192E27B3B85900BCA204 /* MovieCell.swift */ = {isa = PBXFileReference; lastKnownFileType = sourcecode.swift; path = MovieCell.swift; sourceTree = "<group>"; };
		AB96CC518D2C6D0E836AA31B /* Pods_Flix1.framework */ = {isa = PBXFileReference; explicitFileType = wrapper.framework; includeInIndex = 0; path = Pods_Flix1.framework; sourceTree = BUILT_PRODUCTS_DIR; };
/* End PBXFileReference section */

/* Begin PBXFrameworksBuildPhase section */
		A8DC8B0D27B1E484003909AB /* Frameworks */ = {
			isa = PBXFrameworksBuildPhase;
			buildActionMask = 2147483647;
			files = (
				A8EC4DEA27B3C4DC00A6AB5A /* AlamofireImage in Frameworks */,
				53E312498688E5CCB37FD2F8 /* Pods_Flix1.framework in Frameworks */,
			);
			runOnlyForDeploymentPostprocessing = 0;
		};
		A8DC8B2327B1E486003909AB /* Frameworks */ = {
			isa = PBXFrameworksBuildPhase;
			buildActionMask = 2147483647;
			files = (
				AE04D6E0B167F8C0D88AD85C /* Pods_Flix1Tests.framework in Frameworks */,
			);
			runOnlyForDeploymentPostprocessing = 0;
		};
		A8DC8B2D27B1E486003909AB /* Frameworks */ = {
			isa = PBXFrameworksBuildPhase;
			buildActionMask = 2147483647;
			files = (
				BC59673C7D4372F57C46999B /* Pods_Flix1_Flix1UITests.framework in Frameworks */,
			);
			runOnlyForDeploymentPostprocessing = 0;
		};
/* End PBXFrameworksBuildPhase section */

/* Begin PBXGroup section */
		0375B45F913A4C55FA328E19 /* Frameworks */ = {
			isa = PBXGroup;
			children = (
				AB96CC518D2C6D0E836AA31B /* Pods_Flix1.framework */,
				1995DE834FAC67779A764EC1 /* Pods_Flix1_Flix1UITests.framework */,
				660630D648BDFAEE9986EA5E /* Pods_Flix1Tests.framework */,
			);
			name = Frameworks;
			sourceTree = "<group>";
		};
		69FCB970778C1F9DAFA897CD /* Pods */ = {
			isa = PBXGroup;
			children = (
				8C57469EF6573F81D24008A4 /* Pods-Flix1.debug.xcconfig */,
				31451CE78390F26B322B2299 /* Pods-Flix1.release.xcconfig */,
				8EFE8570E137C41557D1424E /* Pods-Flix1-Flix1UITests.debug.xcconfig */,
				A1DD27580849A2267A5EAAF1 /* Pods-Flix1-Flix1UITests.release.xcconfig */,
				2ACF203A5EFDAE80DEF898FB /* Pods-Flix1Tests.debug.xcconfig */,
				5AC8A809FA2C7E8C26A7ABA0 /* Pods-Flix1Tests.release.xcconfig */,
			);
			name = Pods;
			path = Pods;
			sourceTree = "<group>";
		};
		A8DC8B0727B1E484003909AB = {
			isa = PBXGroup;
			children = (
				A8DC8B1227B1E484003909AB /* Flix1 */,
				A8DC8B2927B1E486003909AB /* Flix1Tests */,
				A8DC8B3327B1E486003909AB /* Flix1UITests */,
				A8DC8B1127B1E484003909AB /* Products */,
				69FCB970778C1F9DAFA897CD /* Pods */,
				0375B45F913A4C55FA328E19 /* Frameworks */,
			);
			sourceTree = "<group>";
		};
		A8DC8B1127B1E484003909AB /* Products */ = {
			isa = PBXGroup;
			children = (
				A8DC8B1027B1E484003909AB /* Flix1.app */,
				A8DC8B2627B1E486003909AB /* Flix1Tests.xctest */,
				A8DC8B3027B1E486003909AB /* Flix1UITests.xctest */,
			);
			name = Products;
			sourceTree = "<group>";
		};
		A8DC8B1227B1E484003909AB /* Flix1 */ = {
			isa = PBXGroup;
			children = (
				A8DC8B1327B1E484003909AB /* AppDelegate.swift */,
				A8DC8B1527B1E484003909AB /* SceneDelegate.swift */,
				A8DC8B1727B1E484003909AB /* MoviesViewController.swift */,
				A8DC8B1927B1E484003909AB /* Main.storyboard */,
				A8FF192E27B3B85900BCA204 /* MovieCell.swift */,
				A8DC8B1C27B1E486003909AB /* Assets.xcassets */,
				A8DC8B1E27B1E486003909AB /* LaunchScreen.storyboard */,
				A8DC8B2127B1E486003909AB /* Info.plist */,
			);
			path = Flix1;
			sourceTree = "<group>";
		};
		A8DC8B2927B1E486003909AB /* Flix1Tests */ = {
			isa = PBXGroup;
			children = (
				A8DC8B2A27B1E486003909AB /* Flix1Tests.swift */,
			);
			path = Flix1Tests;
			sourceTree = "<group>";
		};
		A8DC8B3327B1E486003909AB /* Flix1UITests */ = {
			isa = PBXGroup;
			children = (
				A8DC8B3427B1E486003909AB /* Flix1UITests.swift */,
				A8DC8B3627B1E486003909AB /* Flix1UITestsLaunchTests.swift */,
			);
			path = Flix1UITests;
			sourceTree = "<group>";
		};
/* End PBXGroup section */

/* Begin PBXNativeTarget section */
		A8DC8B0F27B1E484003909AB /* Flix1 */ = {
			isa = PBXNativeTarget;
			buildConfigurationList = A8DC8B3A27B1E486003909AB /* Build configuration list for PBXNativeTarget "Flix1" */;
			buildPhases = (
				DA29716942D60D57400D021F /* [CP] Check Pods Manifest.lock */,
				A8DC8B0C27B1E484003909AB /* Sources */,
				A8DC8B0D27B1E484003909AB /* Frameworks */,
				A8DC8B0E27B1E484003909AB /* Resources */,
				71C366B36082182F92BD0CCD /* [CP] Embed Pods Frameworks */,
			);
			buildRules = (
			);
			dependencies = (
			);
			name = Flix1;
			packageProductDependencies = (
				A8EC4DE927B3C4DC00A6AB5A /* AlamofireImage */,
			);
			productName = Flix1;
			productReference = A8DC8B1027B1E484003909AB /* Flix1.app */;
			productType = "com.apple.product-type.application";
		};
		A8DC8B2527B1E486003909AB /* Flix1Tests */ = {
			isa = PBXNativeTarget;
			buildConfigurationList = A8DC8B3D27B1E486003909AB /* Build configuration list for PBXNativeTarget "Flix1Tests" */;
			buildPhases = (
				734A35BCC91F8AAF33E4D8D6 /* [CP] Check Pods Manifest.lock */,
				A8DC8B2227B1E486003909AB /* Sources */,
				A8DC8B2327B1E486003909AB /* Frameworks */,
				A8DC8B2427B1E486003909AB /* Resources */,
			);
			buildRules = (
			);
			dependencies = (
				A8DC8B2827B1E486003909AB /* PBXTargetDependency */,
			);
			name = Flix1Tests;
			productName = Flix1Tests;
			productReference = A8DC8B2627B1E486003909AB /* Flix1Tests.xctest */;
			productType = "com.apple.product-type.bundle.unit-test";
		};
		A8DC8B2F27B1E486003909AB /* Flix1UITests */ = {
			isa = PBXNativeTarget;
			buildConfigurationList = A8DC8B4027B1E486003909AB /* Build configuration list for PBXNativeTarget "Flix1UITests" */;
			buildPhases = (
				658149866019599568B58295 /* [CP] Check Pods Manifest.lock */,
				A8DC8B2C27B1E486003909AB /* Sources */,
				A8DC8B2D27B1E486003909AB /* Frameworks */,
				A8DC8B2E27B1E486003909AB /* Resources */,
				7E9F2E2EB72275072676C6E4 /* [CP] Embed Pods Frameworks */,
			);
			buildRules = (
			);
			dependencies = (
				A8DC8B3227B1E486003909AB /* PBXTargetDependency */,
			);
			name = Flix1UITests;
			productName = Flix1UITests;
			productReference = A8DC8B3027B1E486003909AB /* Flix1UITests.xctest */;
			productType = "com.apple.product-type.bundle.ui-testing";
		};
/* End PBXNativeTarget section */

/* Begin PBXProject section */
		A8DC8B0827B1E484003909AB /* Project object */ = {
			isa = PBXProject;
			attributes = {
				BuildIndependentTargetsInParallel = 1;
				LastSwiftUpdateCheck = 1320;
				LastUpgradeCheck = 1320;
				TargetAttributes = {
					A8DC8B0F27B1E484003909AB = {
						CreatedOnToolsVersion = 13.2;
					};
					A8DC8B2527B1E486003909AB = {
						CreatedOnToolsVersion = 13.2;
						TestTargetID = A8DC8B0F27B1E484003909AB;
					};
					A8DC8B2F27B1E486003909AB = {
						CreatedOnToolsVersion = 13.2;
						TestTargetID = A8DC8B0F27B1E484003909AB;
					};
				};
			};
			buildConfigurationList = A8DC8B0B27B1E484003909AB /* Build configuration list for PBXProject "Flix1" */;
			compatibilityVersion = "Xcode 13.0";
			developmentRegion = en;
			hasScannedForEncodings = 0;
			knownRegions = (
				en,
				Base,
			);
			mainGroup = A8DC8B0727B1E484003909AB;
			packageReferences = (
				A8EC4DE827B3C4DC00A6AB5A /* XCRemoteSwiftPackageReference "AlamofireImage" */,
			);
			productRefGroup = A8DC8B1127B1E484003909AB /* Products */;
			projectDirPath = "";
			projectRoot = "";
			targets = (
				A8DC8B0F27B1E484003909AB /* Flix1 */,
				A8DC8B2527B1E486003909AB /* Flix1Tests */,
				A8DC8B2F27B1E486003909AB /* Flix1UITests */,
			);
		};
/* End PBXProject section */

/* Begin PBXResourcesBuildPhase section */
		A8DC8B0E27B1E484003909AB /* Resources */ = {
			isa = PBXResourcesBuildPhase;
			buildActionMask = 2147483647;
			files = (
				A8DC8B2027B1E486003909AB /* LaunchScreen.storyboard in Resources */,
				A8DC8B1D27B1E486003909AB /* Assets.xcassets in Resources */,
				A8DC8B1B27B1E484003909AB /* Main.storyboard in Resources */,
			);
			runOnlyForDeploymentPostprocessing = 0;
		};
		A8DC8B2427B1E486003909AB /* Resources */ = {
			isa = PBXResourcesBuildPhase;
			buildActionMask = 2147483647;
			files = (
			);
			runOnlyForDeploymentPostprocessing = 0;
		};
		A8DC8B2E27B1E486003909AB /* Resources */ = {
			isa = PBXResourcesBuildPhase;
			buildActionMask = 2147483647;
			files = (
			);
			runOnlyForDeploymentPostprocessing = 0;
		};
/* End PBXResourcesBuildPhase section */

/* Begin PBXShellScriptBuildPhase section */
		658149866019599568B58295 /* [CP] Check Pods Manifest.lock */ = {
			isa = PBXShellScriptBuildPhase;
			buildActionMask = 2147483647;
			files = (
			);
			inputFileListPaths = (
			);
			inputPaths = (
				"${PODS_PODFILE_DIR_PATH}/Podfile.lock",
				"${PODS_ROOT}/Manifest.lock",
			);
			name = "[CP] Check Pods Manifest.lock";
			outputFileListPaths = (
			);
			outputPaths = (
				"$(DERIVED_FILE_DIR)/Pods-Flix1-Flix1UITests-checkManifestLockResult.txt",
			);
			runOnlyForDeploymentPostprocessing = 0;
			shellPath = /bin/sh;
			shellScript = "diff \"${PODS_PODFILE_DIR_PATH}/Podfile.lock\" \"${PODS_ROOT}/Manifest.lock\" > /dev/null\nif [ $? != 0 ] ; then\n    # print error to STDERR\n    echo \"error: The sandbox is not in sync with the Podfile.lock. Run 'pod install' or update your CocoaPods installation.\" >&2\n    exit 1\nfi\n# This output is used by Xcode 'outputs' to avoid re-running this script phase.\necho \"SUCCESS\" > \"${SCRIPT_OUTPUT_FILE_0}\"\n";
			showEnvVarsInLog = 0;
		};
		71C366B36082182F92BD0CCD /* [CP] Embed Pods Frameworks */ = {
			isa = PBXShellScriptBuildPhase;
			buildActionMask = 2147483647;
			files = (
			);
			inputFileListPaths = (
				"${PODS_ROOT}/Target Support Files/Pods-Flix1/Pods-Flix1-frameworks-${CONFIGURATION}-input-files.xcfilelist",
			);
			name = "[CP] Embed Pods Frameworks";
			outputFileListPaths = (
				"${PODS_ROOT}/Target Support Files/Pods-Flix1/Pods-Flix1-frameworks-${CONFIGURATION}-output-files.xcfilelist",
			);
			runOnlyForDeploymentPostprocessing = 0;
			shellPath = /bin/sh;
			shellScript = "\"${PODS_ROOT}/Target Support Files/Pods-Flix1/Pods-Flix1-frameworks.sh\"\n";
			showEnvVarsInLog = 0;
		};
		734A35BCC91F8AAF33E4D8D6 /* [CP] Check Pods Manifest.lock */ = {
			isa = PBXShellScriptBuildPhase;
			buildActionMask = 2147483647;
			files = (
			);
			inputFileListPaths = (
			);
			inputPaths = (
				"${PODS_PODFILE_DIR_PATH}/Podfile.lock",
				"${PODS_ROOT}/Manifest.lock",
			);
			name = "[CP] Check Pods Manifest.lock";
			outputFileListPaths = (
			);
			outputPaths = (
				"$(DERIVED_FILE_DIR)/Pods-Flix1Tests-checkManifestLockResult.txt",
			);
			runOnlyForDeploymentPostprocessing = 0;
			shellPath = /bin/sh;
			shellScript = "diff \"${PODS_PODFILE_DIR_PATH}/Podfile.lock\" \"${PODS_ROOT}/Manifest.lock\" > /dev/null\nif [ $? != 0 ] ; then\n    # print error to STDERR\n    echo \"error: The sandbox is not in sync with the Podfile.lock. Run 'pod install' or update your CocoaPods installation.\" >&2\n    exit 1\nfi\n# This output is used by Xcode 'outputs' to avoid re-running this script phase.\necho \"SUCCESS\" > \"${SCRIPT_OUTPUT_FILE_0}\"\n";
			showEnvVarsInLog = 0;
		};
		7E9F2E2EB72275072676C6E4 /* [CP] Embed Pods Frameworks */ = {
			isa = PBXShellScriptBuildPhase;
			buildActionMask = 2147483647;
			files = (
			);
			inputFileListPaths = (
				"${PODS_ROOT}/Target Support Files/Pods-Flix1-Flix1UITests/Pods-Flix1-Flix1UITests-frameworks-${CONFIGURATION}-input-files.xcfilelist",
			);
			name = "[CP] Embed Pods Frameworks";
			outputFileListPaths = (
				"${PODS_ROOT}/Target Support Files/Pods-Flix1-Flix1UITests/Pods-Flix1-Flix1UITests-frameworks-${CONFIGURATION}-output-files.xcfilelist",
			);
			runOnlyForDeploymentPostprocessing = 0;
			shellPath = /bin/sh;
			shellScript = "\"${PODS_ROOT}/Target Support Files/Pods-Flix1-Flix1UITests/Pods-Flix1-Flix1UITests-frameworks.sh\"\n";
			showEnvVarsInLog = 0;
		};
		DA29716942D60D57400D021F /* [CP] Check Pods Manifest.lock */ = {
			isa = PBXShellScriptBuildPhase;
			buildActionMask = 2147483647;
			files = (
			);
			inputFileListPaths = (
			);
			inputPaths = (
				"${PODS_PODFILE_DIR_PATH}/Podfile.lock",
				"${PODS_ROOT}/Manifest.lock",
			);
			name = "[CP] Check Pods Manifest.lock";
			outputFileListPaths = (
			);
			outputPaths = (
				"$(DERIVED_FILE_DIR)/Pods-Flix1-checkManifestLockResult.txt",
			);
			runOnlyForDeploymentPostprocessing = 0;
			shellPath = /bin/sh;
			shellScript = "diff \"${PODS_PODFILE_DIR_PATH}/Podfile.lock\" \"${PODS_ROOT}/Manifest.lock\" > /dev/null\nif [ $? != 0 ] ; then\n    # print error to STDERR\n    echo \"error: The sandbox is not in sync with the Podfile.lock. Run 'pod install' or update your CocoaPods installation.\" >&2\n    exit 1\nfi\n# This output is used by Xcode 'outputs' to avoid re-running this script phase.\necho \"SUCCESS\" > \"${SCRIPT_OUTPUT_FILE_0}\"\n";
			showEnvVarsInLog = 0;
		};
/* End PBXShellScriptBuildPhase section */

/* Begin PBXSourcesBuildPhase section */
		A8DC8B0C27B1E484003909AB /* Sources */ = {
			isa = PBXSourcesBuildPhase;
			buildActionMask = 2147483647;
			files = (
				A8DC8B1827B1E484003909AB /* MoviesViewController.swift in Sources */,
				A8DC8B1427B1E484003909AB /* AppDelegate.swift in Sources */,
				A8FF192F27B3B85900BCA204 /* MovieCell.swift in Sources */,
				A8DC8B1627B1E484003909AB /* SceneDelegate.swift in Sources */,
			);
			runOnlyForDeploymentPostprocessing = 0;
		};
		A8DC8B2227B1E486003909AB /* Sources */ = {
			isa = PBXSourcesBuildPhase;
			buildActionMask = 2147483647;
			files = (
				A8DC8B2B27B1E486003909AB /* Flix1Tests.swift in Sources */,
			);
			runOnlyForDeploymentPostprocessing = 0;
		};
		A8DC8B2C27B1E486003909AB /* Sources */ = {
			isa = PBXSourcesBuildPhase;
			buildActionMask = 2147483647;
			files = (
				A8DC8B3527B1E486003909AB /* Flix1UITests.swift in Sources */,
				A8DC8B3727B1E486003909AB /* Flix1UITestsLaunchTests.swift in Sources */,
			);
			runOnlyForDeploymentPostprocessing = 0;
		};
/* End PBXSourcesBuildPhase section */

/* Begin PBXTargetDependency section */
		A8DC8B2827B1E486003909AB /* PBXTargetDependency */ = {
			isa = PBXTargetDependency;
			target = A8DC8B0F27B1E484003909AB /* Flix1 */;
			targetProxy = A8DC8B2727B1E486003909AB /* PBXContainerItemProxy */;
		};
		A8DC8B3227B1E486003909AB /* PBXTargetDependency */ = {
			isa = PBXTargetDependency;
			target = A8DC8B0F27B1E484003909AB /* Flix1 */;
			targetProxy = A8DC8B3127B1E486003909AB /* PBXContainerItemProxy */;
		};
/* End PBXTargetDependency section */

/* Begin PBXVariantGroup section */
		A8DC8B1927B1E484003909AB /* Main.storyboard */ = {
			isa = PBXVariantGroup;
			children = (
				A8DC8B1A27B1E484003909AB /* Base */,
			);
			name = Main.storyboard;
			sourceTree = "<group>";
		};
		A8DC8B1E27B1E486003909AB /* LaunchScreen.storyboard */ = {
			isa = PBXVariantGroup;
			children = (
				A8DC8B1F27B1E486003909AB /* Base */,
			);
			name = LaunchScreen.storyboard;
			sourceTree = "<group>";
		};
/* End PBXVariantGroup section */

/* Begin XCBuildConfiguration section */
		A8DC8B3827B1E486003909AB /* Debug */ = {
			isa = XCBuildConfiguration;
			buildSettings = {
				ALWAYS_SEARCH_USER_PATHS = NO;
				CLANG_ANALYZER_NONNULL = YES;
				CLANG_ANALYZER_NUMBER_OBJECT_CONVERSION = YES_AGGRESSIVE;
				CLANG_CXX_LANGUAGE_STANDARD = "gnu++17";
				CLANG_CXX_LIBRARY = "libc++";
				CLANG_ENABLE_MODULES = YES;
				CLANG_ENABLE_OBJC_ARC = YES;
				CLANG_ENABLE_OBJC_WEAK = YES;
				CLANG_WARN_BLOCK_CAPTURE_AUTORELEASING = YES;
				CLANG_WARN_BOOL_CONVERSION = YES;
				CLANG_WARN_COMMA = YES;
				CLANG_WARN_CONSTANT_CONVERSION = YES;
				CLANG_WARN_DEPRECATED_OBJC_IMPLEMENTATIONS = YES;
				CLANG_WARN_DIRECT_OBJC_ISA_USAGE = YES_ERROR;
				CLANG_WARN_DOCUMENTATION_COMMENTS = YES;
				CLANG_WARN_EMPTY_BODY = YES;
				CLANG_WARN_ENUM_CONVERSION = YES;
				CLANG_WARN_INFINITE_RECURSION = YES;
				CLANG_WARN_INT_CONVERSION = YES;
				CLANG_WARN_NON_LITERAL_NULL_CONVERSION = YES;
				CLANG_WARN_OBJC_IMPLICIT_RETAIN_SELF = YES;
				CLANG_WARN_OBJC_LITERAL_CONVERSION = YES;
				CLANG_WARN_OBJC_ROOT_CLASS = YES_ERROR;
				CLANG_WARN_QUOTED_INCLUDE_IN_FRAMEWORK_HEADER = YES;
				CLANG_WARN_RANGE_LOOP_ANALYSIS = YES;
				CLANG_WARN_STRICT_PROTOTYPES = YES;
				CLANG_WARN_SUSPICIOUS_MOVE = YES;
				CLANG_WARN_UNGUARDED_AVAILABILITY = YES_AGGRESSIVE;
				CLANG_WARN_UNREACHABLE_CODE = YES;
				CLANG_WARN__DUPLICATE_METHOD_MATCH = YES;
				COPY_PHASE_STRIP = NO;
				DEBUG_INFORMATION_FORMAT = dwarf;
				ENABLE_STRICT_OBJC_MSGSEND = YES;
				ENABLE_TESTABILITY = YES;
				GCC_C_LANGUAGE_STANDARD = gnu11;
				GCC_DYNAMIC_NO_PIC = NO;
				GCC_NO_COMMON_BLOCKS = YES;
				GCC_OPTIMIZATION_LEVEL = 0;
				GCC_PREPROCESSOR_DEFINITIONS = (
					"DEBUG=1",
					"$(inherited)",
				);
				GCC_WARN_64_TO_32_BIT_CONVERSION = YES;
				GCC_WARN_ABOUT_RETURN_TYPE = YES_ERROR;
				GCC_WARN_UNDECLARED_SELECTOR = YES;
				GCC_WARN_UNINITIALIZED_AUTOS = YES_AGGRESSIVE;
				GCC_WARN_UNUSED_FUNCTION = YES;
				GCC_WARN_UNUSED_VARIABLE = YES;
				IPHONEOS_DEPLOYMENT_TARGET = 15.2;
				MTL_ENABLE_DEBUG_INFO = INCLUDE_SOURCE;
				MTL_FAST_MATH = YES;
				ONLY_ACTIVE_ARCH = YES;
				SDKROOT = iphoneos;
				SWIFT_ACTIVE_COMPILATION_CONDITIONS = DEBUG;
				SWIFT_OPTIMIZATION_LEVEL = "-Onone";
			};
			name = Debug;
		};
		A8DC8B3927B1E486003909AB /* Release */ = {
			isa = XCBuildConfiguration;
			buildSettings = {
				ALWAYS_SEARCH_USER_PATHS = NO;
				CLANG_ANALYZER_NONNULL = YES;
				CLANG_ANALYZER_NUMBER_OBJECT_CONVERSION = YES_AGGRESSIVE;
				CLANG_CXX_LANGUAGE_STANDARD = "gnu++17";
				CLANG_CXX_LIBRARY = "libc++";
				CLANG_ENABLE_MODULES = YES;
				CLANG_ENABLE_OBJC_ARC = YES;
				CLANG_ENABLE_OBJC_WEAK = YES;
				CLANG_WARN_BLOCK_CAPTURE_AUTORELEASING = YES;
				CLANG_WARN_BOOL_CONVERSION = YES;
				CLANG_WARN_COMMA = YES;
				CLANG_WARN_CONSTANT_CONVERSION = YES;
				CLANG_WARN_DEPRECATED_OBJC_IMPLEMENTATIONS = YES;
				CLANG_WARN_DIRECT_OBJC_ISA_USAGE = YES_ERROR;
				CLANG_WARN_DOCUMENTATION_COMMENTS = YES;
				CLANG_WARN_EMPTY_BODY = YES;
				CLANG_WARN_ENUM_CONVERSION = YES;
				CLANG_WARN_INFINITE_RECURSION = YES;
				CLANG_WARN_INT_CONVERSION = YES;
				CLANG_WARN_NON_LITERAL_NULL_CONVERSION = YES;
				CLANG_WARN_OBJC_IMPLICIT_RETAIN_SELF = YES;
				CLANG_WARN_OBJC_LITERAL_CONVERSION = YES;
				CLANG_WARN_OBJC_ROOT_CLASS = YES_ERROR;
				CLANG_WARN_QUOTED_INCLUDE_IN_FRAMEWORK_HEADER = YES;
				CLANG_WARN_RANGE_LOOP_ANALYSIS = YES;
				CLANG_WARN_STRICT_PROTOTYPES = YES;
				CLANG_WARN_SUSPICIOUS_MOVE = YES;
				CLANG_WARN_UNGUARDED_AVAILABILITY = YES_AGGRESSIVE;
				CLANG_WARN_UNREACHABLE_CODE = YES;
				CLANG_WARN__DUPLICATE_METHOD_MATCH = YES;
				COPY_PHASE_STRIP = NO;
				DEBUG_INFORMATION_FORMAT = "dwarf-with-dsym";
				ENABLE_NS_ASSERTIONS = NO;
				ENABLE_STRICT_OBJC_MSGSEND = YES;
				GCC_C_LANGUAGE_STANDARD = gnu11;
				GCC_NO_COMMON_BLOCKS = YES;
				GCC_WARN_64_TO_32_BIT_CONVERSION = YES;
				GCC_WARN_ABOUT_RETURN_TYPE = YES_ERROR;
				GCC_WARN_UNDECLARED_SELECTOR = YES;
				GCC_WARN_UNINITIALIZED_AUTOS = YES_AGGRESSIVE;
				GCC_WARN_UNUSED_FUNCTION = YES;
				GCC_WARN_UNUSED_VARIABLE = YES;
				IPHONEOS_DEPLOYMENT_TARGET = 15.2;
				MTL_ENABLE_DEBUG_INFO = NO;
				MTL_FAST_MATH = YES;
				SDKROOT = iphoneos;
				SWIFT_COMPILATION_MODE = wholemodule;
				SWIFT_OPTIMIZATION_LEVEL = "-O";
				VALIDATE_PRODUCT = YES;
			};
			name = Release;
		};
		A8DC8B3B27B1E486003909AB /* Debug */ = {
			isa = XCBuildConfiguration;
			baseConfigurationReference = 8C57469EF6573F81D24008A4 /* Pods-Flix1.debug.xcconfig */;
			buildSettings = {
				ASSETCATALOG_COMPILER_APPICON_NAME = AppIcon;
				ASSETCATALOG_COMPILER_GLOBAL_ACCENT_COLOR_NAME = AccentColor;
				CODE_SIGN_STYLE = Automatic;
				CURRENT_PROJECT_VERSION = 1;
				DEVELOPMENT_TEAM = BV7ZV935J7;
				GENERATE_INFOPLIST_FILE = YES;
				INFOPLIST_FILE = Flix1/Info.plist;
				INFOPLIST_KEY_UIApplicationSupportsIndirectInputEvents = YES;
				INFOPLIST_KEY_UILaunchStoryboardName = LaunchScreen;
				INFOPLIST_KEY_UISupportedInterfaceOrientations_iPad = "UIInterfaceOrientationPortrait UIInterfaceOrientationPortraitUpsideDown UIInterfaceOrientationLandscapeLeft UIInterfaceOrientationLandscapeRight";
				INFOPLIST_KEY_UISupportedInterfaceOrientations_iPhone = "UIInterfaceOrientationPortrait UIInterfaceOrientationLandscapeLeft UIInterfaceOrientationLandscapeRight";
				LD_RUNPATH_SEARCH_PATHS = (
					"$(inherited)",
					"@executable_path/Frameworks",
				);
				MARKETING_VERSION = 1.0;
				PRODUCT_BUNDLE_IDENTIFIER = com.leclaire.Flix1;
				PRODUCT_NAME = "$(TARGET_NAME)";
				SWIFT_EMIT_LOC_STRINGS = YES;
				SWIFT_VERSION = 5.0;
				TARGETED_DEVICE_FAMILY = "1,2";
			};
			name = Debug;
		};
		A8DC8B3C27B1E486003909AB /* Release */ = {
			isa = XCBuildConfiguration;
			baseConfigurationReference = 31451CE78390F26B322B2299 /* Pods-Flix1.release.xcconfig */;
			buildSettings = {
				ASSETCATALOG_COMPILER_APPICON_NAME = AppIcon;
				ASSETCATALOG_COMPILER_GLOBAL_ACCENT_COLOR_NAME = AccentColor;
				CODE_SIGN_STYLE = Automatic;
				CURRENT_PROJECT_VERSION = 1;
				DEVELOPMENT_TEAM = BV7ZV935J7;
				GENERATE_INFOPLIST_FILE = YES;
				INFOPLIST_FILE = Flix1/Info.plist;
				INFOPLIST_KEY_UIApplicationSupportsIndirectInputEvents = YES;
				INFOPLIST_KEY_UILaunchStoryboardName = LaunchScreen;
				INFOPLIST_KEY_UISupportedInterfaceOrientations_iPad = "UIInterfaceOrientationPortrait UIInterfaceOrientationPortraitUpsideDown UIInterfaceOrientationLandscapeLeft UIInterfaceOrientationLandscapeRight";
				INFOPLIST_KEY_UISupportedInterfaceOrientations_iPhone = "UIInterfaceOrientationPortrait UIInterfaceOrientationLandscapeLeft UIInterfaceOrientationLandscapeRight";
				LD_RUNPATH_SEARCH_PATHS = (
					"$(inherited)",
					"@executable_path/Frameworks",
				);
				MARKETING_VERSION = 1.0;
				PRODUCT_BUNDLE_IDENTIFIER = com.leclaire.Flix1;
				PRODUCT_NAME = "$(TARGET_NAME)";
				SWIFT_EMIT_LOC_STRINGS = YES;
				SWIFT_VERSION = 5.0;
				TARGETED_DEVICE_FAMILY = "1,2";
			};
			name = Release;
		};
		A8DC8B3E27B1E486003909AB /* Debug */ = {
			isa = XCBuildConfiguration;
			baseConfigurationReference = 2ACF203A5EFDAE80DEF898FB /* Pods-Flix1Tests.debug.xcconfig */;
			buildSettings = {
				ALWAYS_EMBED_SWIFT_STANDARD_LIBRARIES = YES;
				BUNDLE_LOADER = "$(TEST_HOST)";
				CODE_SIGN_STYLE = Automatic;
				CURRENT_PROJECT_VERSION = 1;
				DEVELOPMENT_TEAM = BV7ZV935J7;
				GENERATE_INFOPLIST_FILE = YES;
				IPHONEOS_DEPLOYMENT_TARGET = 15.2;
				MARKETING_VERSION = 1.0;
				PRODUCT_BUNDLE_IDENTIFIER = com.leclaire.Flix1Tests;
				PRODUCT_NAME = "$(TARGET_NAME)";
				SWIFT_EMIT_LOC_STRINGS = NO;
				SWIFT_VERSION = 5.0;
				TARGETED_DEVICE_FAMILY = "1,2";
				TEST_HOST = "$(BUILT_PRODUCTS_DIR)/Flix1.app/Flix1";
			};
			name = Debug;
		};
		A8DC8B3F27B1E486003909AB /* Release */ = {
			isa = XCBuildConfiguration;
			baseConfigurationReference = 5AC8A809FA2C7E8C26A7ABA0 /* Pods-Flix1Tests.release.xcconfig */;
			buildSettings = {
				ALWAYS_EMBED_SWIFT_STANDARD_LIBRARIES = YES;
				BUNDLE_LOADER = "$(TEST_HOST)";
				CODE_SIGN_STYLE = Automatic;
				CURRENT_PROJECT_VERSION = 1;
				DEVELOPMENT_TEAM = BV7ZV935J7;
				GENERATE_INFOPLIST_FILE = YES;
				IPHONEOS_DEPLOYMENT_TARGET = 15.2;
				MARKETING_VERSION = 1.0;
				PRODUCT_BUNDLE_IDENTIFIER = com.leclaire.Flix1Tests;
				PRODUCT_NAME = "$(TARGET_NAME)";
				SWIFT_EMIT_LOC_STRINGS = NO;
				SWIFT_VERSION = 5.0;
				TARGETED_DEVICE_FAMILY = "1,2";
				TEST_HOST = "$(BUILT_PRODUCTS_DIR)/Flix1.app/Flix1";
			};
			name = Release;
		};
		A8DC8B4127B1E486003909AB /* Debug */ = {
			isa = XCBuildConfiguration;
			baseConfigurationReference = 8EFE8570E137C41557D1424E /* Pods-Flix1-Flix1UITests.debug.xcconfig */;
			buildSettings = {
				ALWAYS_EMBED_SWIFT_STANDARD_LIBRARIES = YES;
				CODE_SIGN_STYLE = Automatic;
				CURRENT_PROJECT_VERSION = 1;
				DEVELOPMENT_TEAM = BV7ZV935J7;
				GENERATE_INFOPLIST_FILE = YES;
				MARKETING_VERSION = 1.0;
				PRODUCT_BUNDLE_IDENTIFIER = com.leclaire.Flix1UITests;
				PRODUCT_NAME = "$(TARGET_NAME)";
				SWIFT_EMIT_LOC_STRINGS = NO;
				SWIFT_VERSION = 5.0;
				TARGETED_DEVICE_FAMILY = "1,2";
				TEST_TARGET_NAME = Flix1;
			};
			name = Debug;
		};
		A8DC8B4227B1E486003909AB /* Release */ = {
			isa = XCBuildConfiguration;
			baseConfigurationReference = A1DD27580849A2267A5EAAF1 /* Pods-Flix1-Flix1UITests.release.xcconfig */;
			buildSettings = {
				ALWAYS_EMBED_SWIFT_STANDARD_LIBRARIES = YES;
				CODE_SIGN_STYLE = Automatic;
				CURRENT_PROJECT_VERSION = 1;
				DEVELOPMENT_TEAM = BV7ZV935J7;
				GENERATE_INFOPLIST_FILE = YES;
				MARKETING_VERSION = 1.0;
				PRODUCT_BUNDLE_IDENTIFIER = com.leclaire.Flix1UITests;
				PRODUCT_NAME = "$(TARGET_NAME)";
				SWIFT_EMIT_LOC_STRINGS = NO;
				SWIFT_VERSION = 5.0;
				TARGETED_DEVICE_FAMILY = "1,2";
				TEST_TARGET_NAME = Flix1;
			};
			name = Release;
		};
/* End XCBuildConfiguration section */

/* Begin XCConfigurationList section */
		A8DC8B0B27B1E484003909AB /* Build configuration list for PBXProject "Flix1" */ = {
			isa = XCConfigurationList;
			buildConfigurations = (
				A8DC8B3827B1E486003909AB /* Debug */,
				A8DC8B3927B1E486003909AB /* Release */,
			);
			defaultConfigurationIsVisible = 0;
			defaultConfigurationName = Release;
		};
		A8DC8B3A27B1E486003909AB /* Build configuration list for PBXNativeTarget "Flix1" */ = {
			isa = XCConfigurationList;
			buildConfigurations = (
				A8DC8B3B27B1E486003909AB /* Debug */,
				A8DC8B3C27B1E486003909AB /* Release */,
			);
			defaultConfigurationIsVisible = 0;
			defaultConfigurationName = Release;
		};
		A8DC8B3D27B1E486003909AB /* Build configuration list for PBXNativeTarget "Flix1Tests" */ = {
			isa = XCConfigurationList;
			buildConfigurations = (
				A8DC8B3E27B1E486003909AB /* Debug */,
				A8DC8B3F27B1E486003909AB /* Release */,
			);
			defaultConfigurationIsVisible = 0;
			defaultConfigurationName = Release;
		};
		A8DC8B4027B1E486003909AB /* Build configuration list for PBXNativeTarget "Flix1UITests" */ = {
			isa = XCConfigurationList;
			buildConfigurations = (
				A8DC8B4127B1E486003909AB /* Debug */,
				A8DC8B4227B1E486003909AB /* Release */,
			);
			defaultConfigurationIsVisible = 0;
			defaultConfigurationName = Release;
		};
/* End XCConfigurationList section */

/* Begin XCRemoteSwiftPackageReference section */
		A8EC4DE827B3C4DC00A6AB5A /* XCRemoteSwiftPackageReference "AlamofireImage" */ = {
			isa = XCRemoteSwiftPackageReference;
			repositoryURL = "https://github.com/Alamofire/AlamofireImage";
			requirement = {
				kind = upToNextMajorVersion;
				minimumVersion = 4.0.0;
			};
		};
/* End XCRemoteSwiftPackageReference section */

/* Begin XCSwiftPackageProductDependency section */
		A8EC4DE927B3C4DC00A6AB5A /* AlamofireImage */ = {
			isa = XCSwiftPackageProductDependency;
			package = A8EC4DE827B3C4DC00A6AB5A /* XCRemoteSwiftPackageReference "AlamofireImage" */;
			productName = AlamofireImage;
		};
/* End XCSwiftPackageProductDependency section */
	};
	rootObject = A8DC8B0827B1E484003909AB /* Project object */;
}
